// !$*UTF8*$!
{
	archiveVersion = 1;
	classes = {
	};
	objectVersion = 56;
	objects = {

/* Begin PBXBuildFile section */
		842B951F2C8ADFD6005A111F /* JokeModel.swift in Sources */ = {isa = PBXBuildFile; fileRef = 842B951E2C8ADFD6005A111F /* JokeModel.swift */; };
		846D81DC2C8AC19100B68564 /* AppDelegate.swift in Sources */ = {isa = PBXBuildFile; fileRef = 846D81DB2C8AC19100B68564 /* AppDelegate.swift */; };
		846D81DE2C8AC19100B68564 /* SceneDelegate.swift in Sources */ = {isa = PBXBuildFile; fileRef = 846D81DD2C8AC19100B68564 /* SceneDelegate.swift */; };
		846D81E02C8AC19100B68564 /* ViewController.swift in Sources */ = {isa = PBXBuildFile; fileRef = 846D81DF2C8AC19100B68564 /* ViewController.swift */; };
		846D81E32C8AC19100B68564 /* Base in Resources */ = {isa = PBXBuildFile; fileRef = 846D81E22C8AC19100B68564 /* Base */; };
		846D81E52C8AC19200B68564 /* Assets.xcassets in Resources */ = {isa = PBXBuildFile; fileRef = 846D81E42C8AC19200B68564 /* Assets.xcassets */; };
		846D81E82C8AC19200B68564 /* Base in Resources */ = {isa = PBXBuildFile; fileRef = 846D81E72C8AC19200B68564 /* Base */; };
		846D81F22C8AC37A00B68564 /* JokeCell.swift in Sources */ = {isa = PBXBuildFile; fileRef = 846D81F02C8AC37A00B68564 /* JokeCell.swift */; };
		846D81F32C8AC37A00B68564 /* JokeCell.xib in Resources */ = {isa = PBXBuildFile; fileRef = 846D81F12C8AC37A00B68564 /* JokeCell.xib */; };
		84A065A82C90101B00ED5AF8 /* Alamofire in Frameworks */ = {isa = PBXBuildFile; productRef = 84A065A72C90101B00ED5AF8 /* Alamofire */; };
		84A065AA2C90101B00ED5AF8 /* AlamofireDynamic in Frameworks */ = {isa = PBXBuildFile; productRef = 84A065A92C90101B00ED5AF8 /* AlamofireDynamic */; };
/* End PBXBuildFile section */

/* Begin PBXFileReference section */
		842B951E2C8ADFD6005A111F /* JokeModel.swift */ = {isa = PBXFileReference; lastKnownFileType = sourcecode.swift; path = JokeModel.swift; sourceTree = "<group>"; };
		846D81D82C8AC19100B68564 /* xibProject.app */ = {isa = PBXFileReference; explicitFileType = wrapper.application; includeInIndex = 0; path = xibProject.app; sourceTree = BUILT_PRODUCTS_DIR; };
		846D81DB2C8AC19100B68564 /* AppDelegate.swift */ = {isa = PBXFileReference; lastKnownFileType = sourcecode.swift; path = AppDelegate.swift; sourceTree = "<group>"; };
		846D81DD2C8AC19100B68564 /* SceneDelegate.swift */ = {isa = PBXFileReference; lastKnownFileType = sourcecode.swift; path = SceneDelegate.swift; sourceTree = "<group>"; };
		846D81DF2C8AC19100B68564 /* ViewController.swift */ = {isa = PBXFileReference; lastKnownFileType = sourcecode.swift; path = ViewController.swift; sourceTree = "<group>"; };
		846D81E22C8AC19100B68564 /* Base */ = {isa = PBXFileReference; lastKnownFileType = file.storyboard; name = Base; path = Base.lproj/Main.storyboard; sourceTree = "<group>"; };
		846D81E42C8AC19200B68564 /* Assets.xcassets */ = {isa = PBXFileReference; lastKnownFileType = folder.assetcatalog; path = Assets.xcassets; sourceTree = "<group>"; };
		846D81E72C8AC19200B68564 /* Base */ = {isa = PBXFileReference; lastKnownFileType = file.storyboard; name = Base; path = Base.lproj/LaunchScreen.storyboard; sourceTree = "<group>"; };
		846D81E92C8AC19200B68564 /* Info.plist */ = {isa = PBXFileReference; lastKnownFileType = text.plist.xml; path = Info.plist; sourceTree = "<group>"; };
		846D81F02C8AC37A00B68564 /* JokeCell.swift */ = {isa = PBXFileReference; lastKnownFileType = sourcecode.swift; path = JokeCell.swift; sourceTree = "<group>"; };
		846D81F12C8AC37A00B68564 /* JokeCell.xib */ = {isa = PBXFileReference; lastKnownFileType = file.xib; path = JokeCell.xib; sourceTree = "<group>"; };
/* End PBXFileReference section */

/* Begin PBXFrameworksBuildPhase section */
		846D81D52C8AC19100B68564 /* Frameworks */ = {
			isa = PBXFrameworksBuildPhase;
			buildActionMask = 2147483647;
			files = (
				84A065A82C90101B00ED5AF8 /* Alamofire in Frameworks */,
				84A065AA2C90101B00ED5AF8 /* AlamofireDynamic in Frameworks */,
			);
			runOnlyForDeploymentPostprocessing = 0;
		};
/* End PBXFrameworksBuildPhase section */

/* Begin PBXGroup section */
		842B951D2C8ADFB7005A111F /* Models */ = {
			isa = PBXGroup;
			children = (
				842B951E2C8ADFD6005A111F /* JokeModel.swift */,
			);
			path = Models;
			sourceTree = "<group>";
		};
		846D81CF2C8AC19100B68564 = {
			isa = PBXGroup;
			children = (
				846D81DA2C8AC19100B68564 /* xibProject */,
				846D81D92C8AC19100B68564 /* Products */,
			);
			sourceTree = "<group>";
		};
		846D81D92C8AC19100B68564 /* Products */ = {
			isa = PBXGroup;
			children = (
				846D81D82C8AC19100B68564 /* xibProject.app */,
			);
			name = Products;
			sourceTree = "<group>";
		};
		846D81DA2C8AC19100B68564 /* xibProject */ = {
			isa = PBXGroup;
			children = (
				842B951D2C8ADFB7005A111F /* Models */,
				846D81EF2C8AC34C00B68564 /* cells */,
				846D81DB2C8AC19100B68564 /* AppDelegate.swift */,
				846D81DD2C8AC19100B68564 /* SceneDelegate.swift */,
				846D81DF2C8AC19100B68564 /* ViewController.swift */,
				846D81E12C8AC19100B68564 /* Main.storyboard */,
				846D81E42C8AC19200B68564 /* Assets.xcassets */,
				846D81E62C8AC19200B68564 /* LaunchScreen.storyboard */,
				846D81E92C8AC19200B68564 /* Info.plist */,
			);
			path = xibProject;
			sourceTree = "<group>";
		};
		846D81EF2C8AC34C00B68564 /* cells */ = {
			isa = PBXGroup;
			children = (
				846D81F02C8AC37A00B68564 /* JokeCell.swift */,
				846D81F12C8AC37A00B68564 /* JokeCell.xib */,
			);
			path = cells;
			sourceTree = "<group>";
		};
/* End PBXGroup section */

/* Begin PBXNativeTarget section */
		846D81D72C8AC19100B68564 /* xibProject */ = {
			isa = PBXNativeTarget;
			buildConfigurationList = 846D81EC2C8AC19200B68564 /* Build configuration list for PBXNativeTarget "xibProject" */;
			buildPhases = (
				846D81D42C8AC19100B68564 /* Sources */,
				846D81D52C8AC19100B68564 /* Frameworks */,
				846D81D62C8AC19100B68564 /* Resources */,
			);
			buildRules = (
			);
			dependencies = (
			);
			name = xibProject;
			packageProductDependencies = (
				84A065A72C90101B00ED5AF8 /* Alamofire */,
				84A065A92C90101B00ED5AF8 /* AlamofireDynamic */,
			);
			productName = xibProject;
			productReference = 846D81D82C8AC19100B68564 /* xibProject.app */;
			productType = "com.apple.product-type.application";
		};
/* End PBXNativeTarget section */

/* Begin PBXProject section */
		846D81D02C8AC19100B68564 /* Project object */ = {
			isa = PBXProject;
			attributes = {
				BuildIndependentTargetsInParallel = 1;
				LastSwiftUpdateCheck = 1540;
				LastUpgradeCheck = 1540;
				TargetAttributes = {
					846D81D72C8AC19100B68564 = {
						CreatedOnToolsVersion = 15.4;
					};
				};
			};
			buildConfigurationList = 846D81D32C8AC19100B68564 /* Build configuration list for PBXProject "xibProject" */;
			compatibilityVersion = "Xcode 14.0";
			developmentRegion = en;
			hasScannedForEncodings = 0;
			knownRegions = (
				en,
				Base,
			);
			mainGroup = 846D81CF2C8AC19100B68564;
			packageReferences = (
				84A065A62C90101B00ED5AF8 /* XCRemoteSwiftPackageReference "Alamofire" */,
			);
			productRefGroup = 846D81D92C8AC19100B68564 /* Products */;
			projectDirPath = "";
			projectRoot = "";
			targets = (
				846D81D72C8AC19100B68564 /* xibProject */,
			);
		};
/* End PBXProject section */

/* Begin PBXResourcesBuildPhase section */
		846D81D62C8AC19100B68564 /* Resources */ = {
			isa = PBXResourcesBuildPhase;
			buildActionMask = 2147483647;
			files = (
				846D81E52C8AC19200B68564 /* Assets.xcassets in Resources */,
				846D81E82C8AC19200B68564 /* Base in Resources */,
				846D81F32C8AC37A00B68564 /* JokeCell.xib in Resources */,
				846D81E32C8AC19100B68564 /* Base in Resources */,
			);
			runOnlyForDeploymentPostprocessing = 0;
		};
/* End PBXResourcesBuildPhase section */

/* Begin PBXSourcesBuildPhase section */
		846D81D42C8AC19100B68564 /* Sources */ = {
			isa = PBXSourcesBuildPhase;
			buildActionMask = 2147483647;
			files = (
				846D81E02C8AC19100B68564 /* ViewController.swift in Sources */,
				846D81DC2C8AC19100B68564 /* AppDelegate.swift in Sources */,
				842B951F2C8ADFD6005A111F /* JokeModel.swift in Sources */,
				846D81F22C8AC37A00B68564 /* JokeCell.swift in Sources */,
				846D81DE2C8AC19100B68564 /* SceneDelegate.swift in Sources */,
			);
			runOnlyForDeploymentPostprocessing = 0;
		};
/* End PBXSourcesBuildPhase section */

/* Begin PBXVariantGroup section */
		846D81E12C8AC19100B68564 /* Main.storyboard */ = {
			isa = PBXVariantGroup;
			children = (
				846D81E22C8AC19100B68564 /* Base */,
			);
			name = Main.storyboard;
			sourceTree = "<group>";
		};
		846D81E62C8AC19200B68564 /* LaunchScreen.storyboard */ = {
			isa = PBXVariantGroup;
			children = (
				846D81E72C8AC19200B68564 /* Base */,
			);
			name = LaunchScreen.storyboard;
			sourceTree = "<group>";
		};
/* End PBXVariantGroup section */

/* Begin XCBuildConfiguration section */
		846D81EA2C8AC19200B68564 /* Debug */ = {
			isa = XCBuildConfiguration;
			buildSettings = {
				ALWAYS_SEARCH_USER_PATHS = NO;
				ASSETCATALOG_COMPILER_GENERATE_SWIFT_ASSET_SYMBOL_EXTENSIONS = YES;
				CLANG_ANALYZER_NONNULL = YES;
				CLANG_ANALYZER_NUMBER_OBJECT_CONVERSION = YES_AGGRESSIVE;
				CLANG_CXX_LANGUAGE_STANDARD = "gnu++20";
				CLANG_ENABLE_MODULES = YES;
				CLANG_ENABLE_OBJC_ARC = YES;
				CLANG_ENABLE_OBJC_WEAK = YES;
				CLANG_WARN_BLOCK_CAPTURE_AUTORELEASING = YES;
				CLANG_WARN_BOOL_CONVERSION = YES;
				CLANG_WARN_COMMA = YES;
				CLANG_WARN_CONSTANT_CONVERSION = YES;
				CLANG_WARN_DEPRECATED_OBJC_IMPLEMENTATIONS = YES;
				CLANG_WARN_DIRECT_OBJC_ISA_USAGE = YES_ERROR;
				CLANG_WARN_DOCUMENTATION_COMMENTS = YES;
				CLANG_WARN_EMPTY_BODY = YES;
				CLANG_WARN_ENUM_CONVERSION = YES;
				CLANG_WARN_INFINITE_RECURSION = YES;
				CLANG_WARN_INT_CONVERSION = YES;
				CLANG_WARN_NON_LITERAL_NULL_CONVERSION = YES;
				CLANG_WARN_OBJC_IMPLICIT_RETAIN_SELF = YES;
				CLANG_WARN_OBJC_LITERAL_CONVERSION = YES;
				CLANG_WARN_OBJC_ROOT_CLASS = YES_ERROR;
				CLANG_WARN_QUOTED_INCLUDE_IN_FRAMEWORK_HEADER = YES;
				CLANG_WARN_RANGE_LOOP_ANALYSIS = YES;
				CLANG_WARN_STRICT_PROTOTYPES = YES;
				CLANG_WARN_SUSPICIOUS_MOVE = YES;
				CLANG_WARN_UNGUARDED_AVAILABILITY = YES_AGGRESSIVE;
				CLANG_WARN_UNREACHABLE_CODE = YES;
				CLANG_WARN__DUPLICATE_METHOD_MATCH = YES;
				COPY_PHASE_STRIP = NO;
				DEBUG_INFORMATION_FORMAT = dwarf;
				ENABLE_STRICT_OBJC_MSGSEND = YES;
				ENABLE_TESTABILITY = YES;
				ENABLE_USER_SCRIPT_SANDBOXING = YES;
				GCC_C_LANGUAGE_STANDARD = gnu17;
				GCC_DYNAMIC_NO_PIC = NO;
				GCC_NO_COMMON_BLOCKS = YES;
				GCC_OPTIMIZATION_LEVEL = 0;
				GCC_PREPROCESSOR_DEFINITIONS = (
					"DEBUG=1",
					"$(inherited)",
				);
				GCC_WARN_64_TO_32_BIT_CONVERSION = YES;
				GCC_WARN_ABOUT_RETURN_TYPE = YES_ERROR;
				GCC_WARN_UNDECLARED_SELECTOR = YES;
				GCC_WARN_UNINITIALIZED_AUTOS = YES_AGGRESSIVE;
				GCC_WARN_UNUSED_FUNCTION = YES;
				GCC_WARN_UNUSED_VARIABLE = YES;
				IPHONEOS_DEPLOYMENT_TARGET = 17.5;
				LOCALIZATION_PREFERS_STRING_CATALOGS = YES;
				MTL_ENABLE_DEBUG_INFO = INCLUDE_SOURCE;
				MTL_FAST_MATH = YES;
				ONLY_ACTIVE_ARCH = YES;
				SDKROOT = iphoneos;
				SWIFT_ACTIVE_COMPILATION_CONDITIONS = "DEBUG $(inherited)";
				SWIFT_OPTIMIZATION_LEVEL = "-Onone";
			};
			name = Debug;
		};
		846D81EB2C8AC19200B68564 /* Release */ = {
			isa = XCBuildConfiguration;
			buildSettings = {
				ALWAYS_SEARCH_USER_PATHS = NO;
				ASSETCATALOG_COMPILER_GENERATE_SWIFT_ASSET_SYMBOL_EXTENSIONS = YES;
				CLANG_ANALYZER_NONNULL = YES;
				CLANG_ANALYZER_NUMBER_OBJECT_CONVERSION = YES_AGGRESSIVE;
				CLANG_CXX_LANGUAGE_STANDARD = "gnu++20";
				CLANG_ENABLE_MODULES = YES;
				CLANG_ENABLE_OBJC_ARC = YES;
				CLANG_ENABLE_OBJC_WEAK = YES;
				CLANG_WARN_BLOCK_CAPTURE_AUTORELEASING = YES;
				CLANG_WARN_BOOL_CONVERSION = YES;
				CLANG_WARN_COMMA = YES;
				CLANG_WARN_CONSTANT_CONVERSION = YES;
				CLANG_WARN_DEPRECATED_OBJC_IMPLEMENTATIONS = YES;
				CLANG_WARN_DIRECT_OBJC_ISA_USAGE = YES_ERROR;
				CLANG_WARN_DOCUMENTATION_COMMENTS = YES;
				CLANG_WARN_EMPTY_BODY = YES;
				CLANG_WARN_ENUM_CONVERSION = YES;
				CLANG_WARN_INFINITE_RECURSION = YES;
				CLANG_WARN_INT_CONVERSION = YES;
				CLANG_WARN_NON_LITERAL_NULL_CONVERSION = YES;
				CLANG_WARN_OBJC_IMPLICIT_RETAIN_SELF = YES;
				CLANG_WARN_OBJC_LITERAL_CONVERSION = YES;
				CLANG_WARN_OBJC_ROOT_CLASS = YES_ERROR;
				CLANG_WARN_QUOTED_INCLUDE_IN_FRAMEWORK_HEADER = YES;
				CLANG_WARN_RANGE_LOOP_ANALYSIS = YES;
				CLANG_WARN_STRICT_PROTOTYPES = YES;
				CLANG_WARN_SUSPICIOUS_MOVE = YES;
				CLANG_WARN_UNGUARDED_AVAILABILITY = YES_AGGRESSIVE;
				CLANG_WARN_UNREACHABLE_CODE = YES;
				CLANG_WARN__DUPLICATE_METHOD_MATCH = YES;
				COPY_PHASE_STRIP = NO;
				DEBUG_INFORMATION_FORMAT = "dwarf-with-dsym";
				ENABLE_NS_ASSERTIONS = NO;
				ENABLE_STRICT_OBJC_MSGSEND = YES;
				ENABLE_USER_SCRIPT_SANDBOXING = YES;
				GCC_C_LANGUAGE_STANDARD = gnu17;
				GCC_NO_COMMON_BLOCKS = YES;
				GCC_WARN_64_TO_32_BIT_CONVERSION = YES;
				GCC_WARN_ABOUT_RETURN_TYPE = YES_ERROR;
				GCC_WARN_UNDECLARED_SELECTOR = YES;
				GCC_WARN_UNINITIALIZED_AUTOS = YES_AGGRESSIVE;
				GCC_WARN_UNUSED_FUNCTION = YES;
				GCC_WARN_UNUSED_VARIABLE = YES;
				IPHONEOS_DEPLOYMENT_TARGET = 17.5;
				LOCALIZATION_PREFERS_STRING_CATALOGS = YES;
				MTL_ENABLE_DEBUG_INFO = NO;
				MTL_FAST_MATH = YES;
				SDKROOT = iphoneos;
				SWIFT_COMPILATION_MODE = wholemodule;
				VALIDATE_PRODUCT = YES;
			};
			name = Release;
		};
		846D81ED2C8AC19200B68564 /* Debug */ = {
			isa = XCBuildConfiguration;
			buildSettings = {
				ASSETCATALOG_COMPILER_APPICON_NAME = AppIcon;
				ASSETCATALOG_COMPILER_GLOBAL_ACCENT_COLOR_NAME = AccentColor;
				CODE_SIGN_STYLE = Automatic;
				CURRENT_PROJECT_VERSION = 1;
				GENERATE_INFOPLIST_FILE = YES;
				INFOPLIST_FILE = xibProject/Info.plist;
				INFOPLIST_KEY_UIApplicationSupportsIndirectInputEvents = YES;
				INFOPLIST_KEY_UILaunchStoryboardName = LaunchScreen;
				INFOPLIST_KEY_UIMainStoryboardFile = Main;
				INFOPLIST_KEY_UISupportedInterfaceOrientations_iPad = "UIInterfaceOrientationPortrait UIInterfaceOrientationPortraitUpsideDown UIInterfaceOrientationLandscapeLeft UIInterfaceOrientationLandscapeRight";
				INFOPLIST_KEY_UISupportedInterfaceOrientations_iPhone = "UIInterfaceOrientationPortrait UIInterfaceOrientationLandscapeLeft UIInterfaceOrientationLandscapeRight";
				LD_RUNPATH_SEARCH_PATHS = (
					"$(inherited)",
					"@executable_path/Frameworks",
				);
				MARKETING_VERSION = 1.0;
				PRODUCT_BUNDLE_IDENTIFIER = com.example.xibProject;
				PRODUCT_NAME = "$(TARGET_NAME)";
				SWIFT_EMIT_LOC_STRINGS = YES;
				SWIFT_VERSION = 5.0;
				TARGETED_DEVICE_FAMILY = "1,2";
			};
			name = Debug;
		};
		846D81EE2C8AC19200B68564 /* Release */ = {
			isa = XCBuildConfiguration;
			buildSettings = {
				ASSETCATALOG_COMPILER_APPICON_NAME = AppIcon;
				ASSETCATALOG_COMPILER_GLOBAL_ACCENT_COLOR_NAME = AccentColor;
				CODE_SIGN_STYLE = Automatic;
				CURRENT_PROJECT_VERSION = 1;
				GENERATE_INFOPLIST_FILE = YES;
				INFOPLIST_FILE = xibProject/Info.plist;
				INFOPLIST_KEY_UIApplicationSupportsIndirectInputEvents = YES;
				INFOPLIST_KEY_UILaunchStoryboardName = LaunchScreen;
				INFOPLIST_KEY_UIMainStoryboardFile = Main;
				INFOPLIST_KEY_UISupportedInterfaceOrientations_iPad = "UIInterfaceOrientationPortrait UIInterfaceOrientationPortraitUpsideDown UIInterfaceOrientationLandscapeLeft UIInterfaceOrientationLandscapeRight";
				INFOPLIST_KEY_UISupportedInterfaceOrientations_iPhone = "UIInterfaceOrientationPortrait UIInterfaceOrientationLandscapeLeft UIInterfaceOrientationLandscapeRight";
				LD_RUNPATH_SEARCH_PATHS = (
					"$(inherited)",
					"@executable_path/Frameworks",
				);
				MARKETING_VERSION = 1.0;
				PRODUCT_BUNDLE_IDENTIFIER = com.example.xibProject;
				PRODUCT_NAME = "$(TARGET_NAME)";
				SWIFT_EMIT_LOC_STRINGS = YES;
				SWIFT_VERSION = 5.0;
				TARGETED_DEVICE_FAMILY = "1,2";
			};
			name = Release;
		};
/* End XCBuildConfiguration section */

/* Begin XCConfigurationList section */
		846D81D32C8AC19100B68564 /* Build configuration list for PBXProject "xibProject" */ = {
			isa = XCConfigurationList;
			buildConfigurations = (
				846D81EA2C8AC19200B68564 /* Debug */,
				846D81EB2C8AC19200B68564 /* Release */,
			);
			defaultConfigurationIsVisible = 0;
			defaultConfigurationName = Release;
		};
		846D81EC2C8AC19200B68564 /* Build configuration list for PBXNativeTarget "xibProject" */ = {
			isa = XCConfigurationList;
			buildConfigurations = (
				846D81ED2C8AC19200B68564 /* Debug */,
				846D81EE2C8AC19200B68564 /* Release */,
			);
			defaultConfigurationIsVisible = 0;
			defaultConfigurationName = Release;
		};
/* End XCConfigurationList section */

/* Begin XCRemoteSwiftPackageReference section */
		84A065A62C90101B00ED5AF8 /* XCRemoteSwiftPackageReference "Alamofire" */ = {
			isa = XCRemoteSwiftPackageReference;
			repositoryURL = "https://github.com/Alamofire/Alamofire.git";
			requirement = {
				kind = upToNextMajorVersion;
				minimumVersion = 5.9.1;
			};
		};
/* End XCRemoteSwiftPackageReference section */

/* Begin XCSwiftPackageProductDependency section */
		84A065A72C90101B00ED5AF8 /* Alamofire */ = {
			isa = XCSwiftPackageProductDependency;
			package = 84A065A62C90101B00ED5AF8 /* XCRemoteSwiftPackageReference "Alamofire" */;
			productName = Alamofire;
		};
		84A065A92C90101B00ED5AF8 /* AlamofireDynamic */ = {
			isa = XCSwiftPackageProductDependency;
			package = 84A065A62C90101B00ED5AF8 /* XCRemoteSwiftPackageReference "Alamofire" */;
			productName = AlamofireDynamic;
		};
/* End XCSwiftPackageProductDependency section */
	};
	rootObject = 846D81D02C8AC19100B68564 /* Project object */;
}
